
Microsoft Visual Studio Solution File, Format Version 12.00
# Visual Studio Version 16
VisualStudioVersion = 16.0.31402.337
MinimumVisualStudioVersion = 10.0.40219.1
Project("{9A19103F-16F7-4668-BE54-9A1E7A4F7556}") = "AsNum.JsonConfig", "AsNum.JsonConfig\AsNum.JsonConfig.csproj", "{C96EF65B-89BD-483E-8204-B853338481FE}"
EndProject
Project("{FAE04EC0-301F-11D3-BF4B-00C04F79EFBC}") = "AsNum.JsonConfig.Test", "AsNum.JsonConfig.Test\AsNum.JsonConfig.Test.csproj", "{17FCBCAD-5A4E-4E6D-A92B-F48DFDE39693}"
EndProject
Project("{FAE04EC0-301F-11D3-BF4B-00C04F79EFBC}") = "AsNum.JsonConfig.CoreTest", "AsNum.JsonConfig.CoreTest\AsNum.JsonConfig.CoreTest.csproj", "{6B4363DD-3D88-4D31-B592-D9C2720531F6}"
EndProject
Project("{FAE04EC0-301F-11D3-BF4B-00C04F79EFBC}") = "AsNum.JsonConfig.CoreWebTest", "AsNum.JsonConfig.CoreWebTest\AsNum.JsonConfig.CoreWebTest.csproj", "{7D90CCA3-940E-4273-851F-F8149B3E2BE2}"
EndProject
Global
	GlobalSection(SolutionConfigurationPlatforms) = preSolution
		Debug|Any CPU = Debug|Any CPU
		Release|Any CPU = Release|Any CPU
	EndGlobalSection
	GlobalSection(ProjectConfigurationPlatforms) = postSolution
		{C96EF65B-89BD-483E-8204-B853338481FE}.Debug|Any CPU.ActiveCfg = Debug|Any CPU
		{C96EF65B-89BD-483E-8204-B853338481FE}.Debug|Any CPU.Build.0 = Debug|Any CPU
		{C96EF65B-89BD-483E-8204-B853338481FE}.Release|Any CPU.ActiveCfg = Release|Any CPU
		{C96EF65B-89BD-483E-8204-B853338481FE}.Release|Any CPU.Build.0 = Release|Any CPU
		{17FCBCAD-5A4E-4E6D-A92B-F48DFDE39693}.Debug|Any CPU.ActiveCfg = Debug|Any CPU
		{17FCBCAD-5A4E-4E6D-A92B-F48DFDE39693}.Debug|Any CPU.Build.0 = Debug|Any CPU
		{17FCBCAD-5A4E-4E6D-A92B-F48DFDE39693}.Release|Any CPU.ActiveCfg = Release|Any CPU
		{17FCBCAD-5A4E-4E6D-A92B-F48DFDE39693}.Release|Any CPU.Build.0 = Release|Any CPU
		{6B4363DD-3D88-4D31-B592-D9C2720531F6}.Debug|Any CPU.ActiveCfg = Debug|Any CPU
		{6B4363DD-3D88-4D31-B592-D9C2720531F6}.Debug|Any CPU.Build.0 = Debug|Any CPU
		{6B4363DD-3D88-4D31-B592-D9C2720531F6}.Release|Any CPU.ActiveCfg = Release|Any CPU
		{6B4363DD-3D88-4D31-B592-D9C2720531F6}.Release|Any CPU.Build.0 = Release|Any CPU
		{7D90CCA3-940E-4273-851F-F8149B3E2BE2}.Debug|Any CPU.ActiveCfg = Debug|Any CPU
		{7D90CCA3-940E-4273-851F-F8149B3E2BE2}.Debug|Any CPU.Build.0 = Debug|Any CPU
		{7D90CCA3-940E-4273-851F-F8149B3E2BE2}.Release|Any CPU.ActiveCfg = Release|Any CPU
		{7D90CCA3-940E-4273-851F-F8149B3E2BE2}.Release|Any CPU.Build.0 = Release|Any CPU
	EndGlobalSection
	GlobalSection(SolutionProperties) = preSolution
		HideSolutionNode = FALSE
	EndGlobalSection
	GlobalSection(ExtensibilityGlobals) = postSolution
		SolutionGuid = {F0CE70B0-44BF-4DFA-9A2C-740CB752C1DB}
	EndGlobalSection
EndGlobal
